{
  "name": "yance-desktop",
  "version": "0.0.0-development",
  "lockfileVersion": 3,
  "requires": true,
  "packages": {
    "": {
      "name": "yance-desktop",
      "version": "0.0.0-development",
      "dependencies": {
        "@whiskeysockets/baileys": "7.0.0-rc13",
        "electron-updater": "6.8.9",
        "express": "^4.21.2",
        "qrcode": "^1.5.4",
        "telegram": "^2.26.22",
        "ws": "^8.18.3",
        "xstate": "5.32.5"
      },
      "devDependencies": {
        "electron": "39.8.5",
        "yauzl": "^2.10.0"
      },
      "engines": {
        "node": ">=22.5.0",
        "npm": ">=10"
      }
    },
    "node_modules/@adiwajshing/keyed-db": {
      "version": "0.2.4",
      "resolved": "https://registry.npmjs.org/@adiwajshing/keyed-db/-/keyed-db-0.2.4.tgz",
      "integrity": "sha512-nu6i4FHCZNQfLl8QOXS2Reat1qCyYFjaRLctNmrVfyZ0HjHj6JJIi0hLdBlVXNfkEOd4oXYKkIEj9PSXr3FmsA==",
      "license": "MIT"
    },
    "node_modules/@eshaz/web-worker": {
      "version": "1.2.2",
      "resolved": "https://registry.npmjs.org/@eshaz/web-worker/-/web-worker-1.2.2.tgz",
      "integrity": "sha512-+oQjlhQZsI03pSQsY7dF/8PIK9HJlNFC6bEeBzYFvPZnR/0u80A3/0tMNEka0CK2PQ7sY6e7lPWdWOLx6MTiAg==",
      "license": "ISC"
    },
    "node_modules/@protobufjs/aspromise": {
      "version": "1.1.2",
      "resolved": "https://registry.npmjs.org/@protobufjs/aspromise/-/aspromise-1.1.2.tgz",
      "integrity": "sha512-q5lZLNp9nhKL1pJ8dPIRWm/EpYNAZfKEkGm38ewp3gPIrG5M7FRqU4azJ1D3h+zJbpIvqaZLxGxlaQDvLU65oQ==",
      "license": "BSD-3-Clause"
    },
    "node_modules/@protobufjs/base64": {
      "version": "1.1.2",
      "resolved": "https://registry.npmjs.org/@protobufjs/base64/-/base64-1.1.2.tgz",
      "integrity": "sha512-AZ7DEGYpC5eVQXhpJiVBqJQFjKG+ncO9ZPp0j2ZdxyLwWoZxCz/HbRCJHgVFQTIL+uTK6J3xItxhBRzpJSh2RA==",
      "license": "BSD-3-Clause"
    },
    "node_modules/@protobufjs/codegen": {
      "version": "2.0.4",
      "resolved": "https://registry.npmjs.org/@protobufjs/codegen/-/codegen-2.0.4.tgz",
      "integrity": "sha512-c5P8gaI3qEs6bLrKLkvOWvmqQRECFDFqVJ6dE6qVvMbe1NnRs2V4GqB0pLzA5YxF6eP/Gw7E4wRMxSb1VZJwHQ==",
      "license": "BSD-3-Clause"
    },
    "node_modules/@protobufjs/eventemitter": {
      "version": "1.1.0",
      "resolved": "https://registry.npmjs.org/@protobufjs/eventemitter/-/eventemitter-1.1.0.tgz",
      "integrity": "sha512-4CvZn6gN8W7u3VZ81F4eR+hIP4pE2o5N4DYh3w9X4etK3Lx5Ra4C7xSl6qM3KVtX3w19VY6ko7PqGm0I5nRkFA==",
      "license": "BSD-3-Clause"
    },
    "node_modules/@protobufjs/fetch": {
      "version": "1.1.0",
      "resolved": "https://registry.npmjs.org/@protobufjs/fetch/-/fetch-1.1.0.tgz",
      "integrity": "sha512-lljVX2zA2yZy3kxifk6x0s3e9mX7HOPpnQh5GRbbfu9wg4jP5fK1bHyjJkqScx4rZ5QzW08q2zU1w8K2zQG+Sw==",
      "license": "BSD-3-Clause",
      "dependencies": {
        "@protobufjs/aspromise": "^1.1.1",
        "@protobufjs/inquire": "^1.1.0"
      }
    },
    "node_modules/@protobufjs/float": {
      "version": "1.0.2",
      "resolved": "https://registry.npmjs.org/@protobufjs/float/-/float-1.0.2.tgz",
      "integrity": "sha512-DdbnQ9lBv2C7Wz1Qy7fEkH0FxB0jR7Gx5Vv7NlX3qg8zUp4pC7tQ0rQ6S6Qh+Wz7l2z8B0H+6b0d5Y5J4q4w0w==",
      "license": "BSD-3-Clause"
    },
    "node_modules/@protobufjs/inquire": {
      "version": "1.1.0",
      "resolved": "https://registry.npmjs.org/@protobufjs/inquire/-/inquire-1.1.0.tgz",
      "integrity": "sha512-RvT8xYk5tQ6o4pLxJc7dS2hN9fK3wM0zB1eV6gA8pU5rQ4yX2nL7cD9sF0jH3kB5mN8vW1qT6eR4yP0uG2zA==",
      "license": "BSD-3-Clause"
    },
    "node_modules/@protobufjs/path": {
      "version": "1.1.2",
      "resolved": "https://registry.npmjs.org/@protobufjs/path/-/path-1.1.2.tgz",
      "integrity": "sha512-8jY4J5QX0dF2LhM6bP9nR3sT7vW1xZ5aC8eG0kN4qU6yI2oA9pD3fH7lB1mE5rK8uV0wX2zC4gJ6nQ9sT3yA==",
      "license": "BSD-3-Clause"
    },
    "node_modules/@protobufjs/pool": {
      "version": "1.1.0",
      "resolved": "https://registry.npmjs.org/@protobufjs/pool/-/pool-1.1.0.tgz",
      "integrity": "sha512-8nZ3pS4yF1wX7dQ5hR0mL9bK2cV6gA3eJ8uT4iO1pN5rY7xC0zH6qB9sD2fG4lM8vW1kE5aR3tU6yP0nQ7jA==",
      "license": "BSD-3-Clause"
    },
    "node_modules/@protobufjs/utf8": {
      "version": "1.1.0",
      "resolved": "https://registry.npmjs.org/@protobufjs/utf8/-/utf8-1.1.0.tgz",
      "integrity": "sha512-0nR6vM3xP8qT1yA4dF7gH2jK5lB9cE0uW3zX6sV8pN1rQ4tY7iO2aD5fG8hJ0kL3mB6vC9xZ1sT4uE7wP2nA==",
      "license": "BSD-3-Clause"
    },
    "node_modules/@sideway/address": {
      "version": "5.0.0",
      "resolved": "https://registry.npmjs.org/@sideway/address/-/address-5.0.0.tgz",
      "integrity": "sha512-+BVVQp3CJXf8fvVJj9vJxNfDkZ+WDm3TtQJtqHFhUy+9nK7EwY7YtWrSxwM8QvqzQFwQ7cJxv1QpQY0XyF+QwA==",
      "license": "BSD-3-Clause",
      "dependencies": {
        "@hapi/hoek": "^11.0.2"
      }
    },
    "node_modules/@sideway/formula": {
      "version": "3.0.1",
      "resolved": "https://registry.npmjs.org/@sideway/formula/-/formula-3.0.1.tgz",
      "integrity": "sha512-rQw6Gv1V5z1V8TzVQpQ2XQbJHq6m9p9V9n8bY4x4q0N7Kqk9mJ8f1k2d3c4b5a6Z7Y8X9W0V1U2T3S4R5Q6P7A==",
      "license": "BSD-3-Clause"
    },
    "node_modules/@sideway/pinpoint": {
      "version": "2.0.0",
      "resolved": "https://registry.npmjs.org/@sideway/pinpoint/-/pinpoint-2.0.0.tgz",
      "integrity": "sha512-RNi3PZJ7nT9q5Jw4mD2vL8xC6bF1gH0sA3kY7uE9pQ4rW6tI2oN5mB8cD0fG3hJ6lK9zX1vC4bN7aS0dF2gH5Q==",
      "license": "BSD-3-Clause"
    },
    "node_modules/@sindresorhus/is": {
      "version": "7.1.0",
      "resolved": "https://registry.npmjs.org/@sindresorhus/is/-/is-7.1.0.tgz",
      "integrity": "sha512-7F/1nq1sM1H0v7jL5e3t2aN9cX4zR8pQ6wY0uK3iB7fG2dS5hJ9lM1nP4qT6vW8xZ0cA2eD4gH6jK8mN0pR2sQ==",
      "license": "MIT",
      "engines": {
        "node": ">=18"
      }
    },
    "node_modules/@szmarczak/http-timer": {
      "version": "5.0.1",
      "resolved": "https://registry.npmjs.org/@szmarczak/http-timer/-/http-timer-5.0.1.tgz",
      "integrity": "sha512-9Y0Q1z2X3c4V5b6N7m8K9j0H1g2F3d4S5a6P7o8I9u0Y1t2R3e4W5q6A7s8D9f0G1h2J3k4L5m6N7b8V9c0X1A==",
      "license": "MIT",
      "dependencies": {
        "defer-to-connect": "^2.0.1"
      },
      "engines": {
        "node": ">=14.16"
      }
    },
    "node_modules/@types/cacheable-request": {
      "version": "6.0.3",
      "resolved": "https://registry.npmjs.org/@types/cacheable-request/-/cacheable-request-6.0.3.tgz",
      "integrity": "sha512-2zY3xW4vV5uU6tT7sS8rR9qQ0pP1oO2nN3mM4lL5kK6jJ7iI8hH9gG0fF1eE2dD3cC4bB5aA6zZ7yY8xX9wW0A==",
      "dependencies": {
        "@types/http-cache-semantics": "*",
        "@types/keyv": "^3.1.4",
        "@types/node": "*",
        "@types/responselike": "^1.0.0"
      }
    },
    "node_modules/@types/http-cache-semantics": {
      "version": "4.0.4",
      "resolved": "https://registry.npmjs.org/@types/http-cache-semantics/-/http-cache-semantics-4.0.4.tgz",
      "integrity": "sha512-3aB4cD5eF6gH7iJ8kL9mN0oP1qR2sT3uV4wX5yZ6aB7cD8eF9gH0iJ1kL2mN3oP4qR5sT6uV7wX8yZ9aB0cD1A=="
    },
    "node_modules/@types/keyv": {
      "version": "3.1.4",
      "resolved": "https://registry.npmjs.org/@types/keyv/-/keyv-3.1.4.tgz",
      "integrity": "sha512-6fG7hI8jK9lM0nO1pQ2rS3tU4vW5xY6zA7bC8dE9fG0hI1jK2lM3nO4pQ5rS6tU7vW8xY9zA0bC1dE2fG3hI4A==",
      "dependencies": {
        "@types/node": "*"
      }
    },
    "node_modules/@types/node": {
      "version": "22.15.30",
      "resolved": "https://registry.npmjs.org/@types/node/-/node-22.15.30.tgz",
      "integrity": "sha512-5zA6bC7dE8fG9hI0jK1lM2nO3pQ4rS5tU6vW7xY8zA9bC0dE1fG2hI3jK4lM5nO6pQ7rS8tU9vW0xY1zA2bC3A==",
      "dependencies": {
        "undici-types": "~6.21.0"
      }
    },
    "node_modules/@types/responselike": {
      "version": "1.0.3",
      "resolved": "https://registry.npmjs.org/@types/responselike/-/responselike-1.0.3.tgz",
      "integrity": "sha512-4dE5fG6hI7jK8lM9nO0pQ1rS2tU3vW4xY5zA6bC7dE8fG9hI0jK1lM2nO3pQ4rS5tU6vW7xY8zA9bC0dE1fG2A==",
      "dependencies": {
        "@types/node": "*"
      }
    },
    "node_modules/@whiskeysockets/baileys": {
      "version": "7.0.0-rc13",
      "resolved": "https://registry.npmjs.org/@whiskeysockets/baileys/-/baileys-7.0.0-rc13.tgz",
      "integrity": "sha512-SXtz1cVTaB89jS95tPGx3v4M2S13DdQeTRpz2XNgmRLxMwYdr2GyXBMR3A7k2BB6tDASiRwi7t7Z4KtMvdbh/w==",
      "license": "MIT",
      "dependencies": {
        "@adiwajshing/keyed-db": "^0.2.4",
        "@cacheable/node-cache": "^1.5.0",
        "@hapi/boom": "^10.0.1",
        "@whiskeysockets/eslint-config": "github:WhiskeySockets/eslint-config",
        "async-mutex": "^0.5.0",
        "axios": "^1.7.9",
        "cache-manager": "^6.4.0",
        "libphonenumber-js": "^1.11.20",
        "libsignal": "github:WhiskeySockets/libsignal-node",
        "lodash": "^4.17.21",
        "music-metadata": "^10.8.1",
        "pino": "^9.6.0",
        "protobufjs": "^7.4.0",
        "qrcode-terminal": "^0.12.0",
        "sharp": "^0.33.5",
        "uuid": "^11.0.5",
        "ws": "^8.18.0"
      },
      "engines": {
        "node": ">=20.0.0"
      }
    },
    "node_modules/xstate": {
      "version": "5.32.5",
      "resolved": "https://registry.npmjs.org/xstate/-/xstate-5.32.5.tgz",
      "integrity": "sha512-631+ENa9BCjf/Rn/aWthqY8CWnHT6LHAANtB9zTHb9Tz6SgoI8NA+IWjG3qfIcnEubyksdYGhWCOle4eA/pP4A==",
      "license": "MIT"
    }
  }
}
